// !$*UTF8*$!
{
	archiveVersion = 1;
	classes = {
	};
	objectVersion = 51;
	objects = {

/* Begin PBXBuildFile section */
		C6F833EEEF07E2DC0BD1232D /* Pods_LoveOrHate.framework in Frameworks */ = {isa = PBXBuildFile; fileRef = DE402CE086CEC1F69D39505D /* Pods_LoveOrHate.framework */; };
		F10774142394FC3B00D79B8E /* SwipeTableViewController.swift in Sources */ = {isa = PBXBuildFile; fileRef = F10774132394FC3B00D79B8E /* SwipeTableViewController.swift */; };
		F10774182395047600D79B8E /* SettingsViewController.swift in Sources */ = {isa = PBXBuildFile; fileRef = F10774172395047600D79B8E /* SettingsViewController.swift */; };
		F107741C239616BC00D79B8E /* AddViewController.swift in Sources */ = {isa = PBXBuildFile; fileRef = F107741B239616BC00D79B8E /* AddViewController.swift */; };
		F107741E2396202100D79B8E /* EditViewController.swift in Sources */ = {isa = PBXBuildFile; fileRef = F107741D2396202100D79B8E /* EditViewController.swift */; };
		F1077423239657D800D79B8E /* LaunchViewController.swift in Sources */ = {isa = PBXBuildFile; fileRef = F1077422239657D800D79B8E /* LaunchViewController.swift */; };
		F107742523965BED00D79B8E /* CurrentLoveObject.swift in Sources */ = {isa = PBXBuildFile; fileRef = F107742423965BED00D79B8E /* CurrentLoveObject.swift */; };
		F107742723975F0C00D79B8E /* PhotoSelecterCollectionViewCell.swift in Sources */ = {isa = PBXBuildFile; fileRef = F107742623975F0C00D79B8E /* PhotoSelecterCollectionViewCell.swift */; };
		F10F33CD23859E1400B1E7F7 /* LoveChangerViewController.swift in Sources */ = {isa = PBXBuildFile; fileRef = F10F33CC23859E1400B1E7F7 /* LoveChangerViewController.swift */; };
		F1249D5D2394092800710CAD /* PhotoSelecterViewController.swift in Sources */ = {isa = PBXBuildFile; fileRef = F1249D5C2394092800710CAD /* PhotoSelecterViewController.swift */; };
		F133E58623870211002FE0F7 /* Launch Screen.storyboard in Resources */ = {isa = PBXBuildFile; fileRef = F133E58523870211002FE0F7 /* Launch Screen.storyboard */; };
		F133E588238702BA002FE0F7 /* Default-568h@2x.png in Resources */ = {isa = PBXBuildFile; fileRef = F133E587238702BA002FE0F7 /* Default-568h@2x.png */; };
		F1DCB68A23843EB500E53C36 /* AppDelegate.swift in Sources */ = {isa = PBXBuildFile; fileRef = F1DCB68923843EB500E53C36 /* AppDelegate.swift */; };
		F1DCB68C23843EB500E53C36 /* SceneDelegate.swift in Sources */ = {isa = PBXBuildFile; fileRef = F1DCB68B23843EB500E53C36 /* SceneDelegate.swift */; };
		F1DCB69123843EB500E53C36 /* Main.storyboard in Resources */ = {isa = PBXBuildFile; fileRef = F1DCB68F23843EB500E53C36 /* Main.storyboard */; };
		F1DCB69323843EBB00E53C36 /* Assets.xcassets in Resources */ = {isa = PBXBuildFile; fileRef = F1DCB69223843EBB00E53C36 /* Assets.xcassets */; };
		F1DCB6A123843F5C00E53C36 /* MainViewController.swift in Sources */ = {isa = PBXBuildFile; fileRef = F1DCB6A023843F5C00E53C36 /* MainViewController.swift */; };
		F1DCB6A8238449BA00E53C36 /* ItemsTableViewCell.swift in Sources */ = {isa = PBXBuildFile; fileRef = F1DCB6A6238449BA00E53C36 /* ItemsTableViewCell.swift */; };
		F1DCB6A9238449BA00E53C36 /* ItemsTableViewCell.xib in Resources */ = {isa = PBXBuildFile; fileRef = F1DCB6A7238449BA00E53C36 /* ItemsTableViewCell.xib */; };
		F1DCB6AB23844EAF00E53C36 /* Constants.swift in Sources */ = {isa = PBXBuildFile; fileRef = F1DCB6AA23844EAF00E53C36 /* Constants.swift */; };
/* End PBXBuildFile section */

/* Begin PBXFileReference section */
		3EE2D8EDEE8B87CDA5F0D948 /* Pods-LoveOrHate.release.xcconfig */ = {isa = PBXFileReference; includeInIndex = 1; lastKnownFileType = text.xcconfig; name = "Pods-LoveOrHate.release.xcconfig"; path = "Target Support Files/Pods-LoveOrHate/Pods-LoveOrHate.release.xcconfig"; sourceTree = "<group>"; };
		6FB568E6212DCB4BFCC84FF4 /* Pods-LoveOrHate.debug.xcconfig */ = {isa = PBXFileReference; includeInIndex = 1; lastKnownFileType = text.xcconfig; name = "Pods-LoveOrHate.debug.xcconfig"; path = "Target Support Files/Pods-LoveOrHate/Pods-LoveOrHate.debug.xcconfig"; sourceTree = "<group>"; };
		DE402CE086CEC1F69D39505D /* Pods_LoveOrHate.framework */ = {isa = PBXFileReference; explicitFileType = wrapper.framework; includeInIndex = 0; path = Pods_LoveOrHate.framework; sourceTree = BUILT_PRODUCTS_DIR; };
		F10774132394FC3B00D79B8E /* SwipeTableViewController.swift */ = {isa = PBXFileReference; fileEncoding = 4; lastKnownFileType = sourcecode.swift; path = SwipeTableViewController.swift; sourceTree = "<group>"; };
		F10774172395047600D79B8E /* SettingsViewController.swift */ = {isa = PBXFileReference; lastKnownFileType = sourcecode.swift; path = SettingsViewController.swift; sourceTree = "<group>"; };
		F107741B239616BC00D79B8E /* AddViewController.swift */ = {isa = PBXFileReference; lastKnownFileType = sourcecode.swift; path = AddViewController.swift; sourceTree = "<group>"; };
		F107741D2396202100D79B8E /* EditViewController.swift */ = {isa = PBXFileReference; lastKnownFileType = sourcecode.swift; path = EditViewController.swift; sourceTree = "<group>"; };
		F1077422239657D800D79B8E /* LaunchViewController.swift */ = {isa = PBXFileReference; lastKnownFileType = sourcecode.swift; path = LaunchViewController.swift; sourceTree = "<group>"; };
		F107742423965BED00D79B8E /* CurrentLoveObject.swift */ = {isa = PBXFileReference; lastKnownFileType = sourcecode.swift; path = CurrentLoveObject.swift; sourceTree = "<group>"; };
		F107742623975F0C00D79B8E /* PhotoSelecterCollectionViewCell.swift */ = {isa = PBXFileReference; lastKnownFileType = sourcecode.swift; path = PhotoSelecterCollectionViewCell.swift; sourceTree = "<group>"; };
		F10F33CC23859E1400B1E7F7 /* LoveChangerViewController.swift */ = {isa = PBXFileReference; lastKnownFileType = sourcecode.swift; path = LoveChangerViewController.swift; sourceTree = "<group>"; };
		F1249D5C2394092800710CAD /* PhotoSelecterViewController.swift */ = {isa = PBXFileReference; lastKnownFileType = sourcecode.swift; path = PhotoSelecterViewController.swift; sourceTree = "<group>"; };
		F133E58523870211002FE0F7 /* Launch Screen.storyboard */ = {isa = PBXFileReference; lastKnownFileType = file.storyboard; path = "Launch Screen.storyboard"; sourceTree = "<group>"; };
		F133E587238702BA002FE0F7 /* Default-568h@2x.png */ = {isa = PBXFileReference; lastKnownFileType = image.png; path = "Default-568h@2x.png"; sourceTree = "<group>"; };
		F1DCB68623843EB500E53C36 /* LoveOrHate.app */ = {isa = PBXFileReference; explicitFileType = wrapper.application; includeInIndex = 0; path = LoveOrHate.app; sourceTree = BUILT_PRODUCTS_DIR; };
		F1DCB68923843EB500E53C36 /* AppDelegate.swift */ = {isa = PBXFileReference; lastKnownFileType = sourcecode.swift; path = AppDelegate.swift; sourceTree = "<group>"; };
		F1DCB68B23843EB500E53C36 /* SceneDelegate.swift */ = {isa = PBXFileReference; lastKnownFileType = sourcecode.swift; path = SceneDelegate.swift; sourceTree = "<group>"; };
		F1DCB69023843EB500E53C36 /* Base */ = {isa = PBXFileReference; lastKnownFileType = file.storyboard; name = Base; path = Base.lproj/Main.storyboard; sourceTree = "<group>"; };
		F1DCB69223843EBB00E53C36 /* Assets.xcassets */ = {isa = PBXFileReference; lastKnownFileType = folder.assetcatalog; path = Assets.xcassets; sourceTree = "<group>"; };
		F1DCB69723843EBB00E53C36 /* Info.plist */ = {isa = PBXFileReference; lastKnownFileType = text.plist.xml; path = Info.plist; sourceTree = "<group>"; };
		F1DCB6A023843F5C00E53C36 /* MainViewController.swift */ = {isa = PBXFileReference; lastKnownFileType = sourcecode.swift; path = MainViewController.swift; sourceTree = "<group>"; };
		F1DCB6A6238449BA00E53C36 /* ItemsTableViewCell.swift */ = {isa = PBXFileReference; lastKnownFileType = sourcecode.swift; path = ItemsTableViewCell.swift; sourceTree = "<group>"; };
		F1DCB6A7238449BA00E53C36 /* ItemsTableViewCell.xib */ = {isa = PBXFileReference; lastKnownFileType = file.xib; path = ItemsTableViewCell.xib; sourceTree = "<group>"; };
		F1DCB6AA23844EAF00E53C36 /* Constants.swift */ = {isa = PBXFileReference; lastKnownFileType = sourcecode.swift; path = Constants.swift; sourceTree = "<group>"; };
/* End PBXFileReference section */

/* Begin PBXFrameworksBuildPhase section */
		F1DCB68323843EB400E53C36 /* Frameworks */ = {
			isa = PBXFrameworksBuildPhase;
			buildActionMask = 2147483647;
			files = (
				C6F833EEEF07E2DC0BD1232D /* Pods_LoveOrHate.framework in Frameworks */,
			);
			runOnlyForDeploymentPostprocessing = 0;
		};
/* End PBXFrameworksBuildPhase section */

/* Begin PBXGroup section */
		216C20F518849A586D2F7741 /* Pods */ = {
			isa = PBXGroup;
			children = (
				6FB568E6212DCB4BFCC84FF4 /* Pods-LoveOrHate.debug.xcconfig */,
				3EE2D8EDEE8B87CDA5F0D948 /* Pods-LoveOrHate.release.xcconfig */,
			);
			path = Pods;
			sourceTree = "<group>";
		};
		55A23532D879B8940FD9CF69 /* Frameworks */ = {
			isa = PBXGroup;
			children = (
				DE402CE086CEC1F69D39505D /* Pods_LoveOrHate.framework */,
			);
			name = Frameworks;
			sourceTree = "<group>";
		};
		F1DCB67D23843EB400E53C36 = {
			isa = PBXGroup;
			children = (
				F133E587238702BA002FE0F7 /* Default-568h@2x.png */,
				F1DCB68823843EB500E53C36 /* LoveOrHate */,
				F1DCB68723843EB500E53C36 /* Products */,
				216C20F518849A586D2F7741 /* Pods */,
				55A23532D879B8940FD9CF69 /* Frameworks */,
			);
			sourceTree = "<group>";
		};
		F1DCB68723843EB500E53C36 /* Products */ = {
			isa = PBXGroup;
			children = (
				F1DCB68623843EB500E53C36 /* LoveOrHate.app */,
			);
			name = Products;
			sourceTree = "<group>";
		};
		F1DCB68823843EB500E53C36 /* LoveOrHate */ = {
			isa = PBXGroup;
			children = (
				F1DCB69F23843F2500E53C36 /* Controllers */,
				F1DCB69E23843F1600E53C36 /* View */,
				F1DCB69D23843F1000E53C36 /* DataModel */,
				F1DCB68923843EB500E53C36 /* AppDelegate.swift */,
				F1DCB68B23843EB500E53C36 /* SceneDelegate.swift */,
				F1DCB69223843EBB00E53C36 /* Assets.xcassets */,
				F1DCB69723843EBB00E53C36 /* Info.plist */,
			);
			path = LoveOrHate;
			sourceTree = "<group>";
		};
		F1DCB69D23843F1000E53C36 /* DataModel */ = {
			isa = PBXGroup;
			children = (
				F1DCB6AA23844EAF00E53C36 /* Constants.swift */,
				F107742423965BED00D79B8E /* CurrentLoveObject.swift */,
			);
			path = DataModel;
			sourceTree = "<group>";
		};
		F1DCB69E23843F1600E53C36 /* View */ = {
			isa = PBXGroup;
			children = (
				F133E58523870211002FE0F7 /* Launch Screen.storyboard */,
				F1DCB68F23843EB500E53C36 /* Main.storyboard */,
			);
			path = View;
			sourceTree = "<group>";
		};
		F1DCB69F23843F2500E53C36 /* Controllers */ = {
			isa = PBXGroup;
			children = (
				F1DCB6A023843F5C00E53C36 /* MainViewController.swift */,
				F10774132394FC3B00D79B8E /* SwipeTableViewController.swift */,
				F1DCB6A6238449BA00E53C36 /* ItemsTableViewCell.swift */,
				F1DCB6A7238449BA00E53C36 /* ItemsTableViewCell.xib */,
				F10F33CC23859E1400B1E7F7 /* LoveChangerViewController.swift */,
				F1249D5C2394092800710CAD /* PhotoSelecterViewController.swift */,
				F107742623975F0C00D79B8E /* PhotoSelecterCollectionViewCell.swift */,
				F10774172395047600D79B8E /* SettingsViewController.swift */,
				F107741B239616BC00D79B8E /* AddViewController.swift */,
				F107741D2396202100D79B8E /* EditViewController.swift */,
				F1077422239657D800D79B8E /* LaunchViewController.swift */,
			);
			path = Controllers;
			sourceTree = "<group>";
		};
/* End PBXGroup section */

/* Begin PBXNativeTarget section */
		F1DCB68523843EB400E53C36 /* LoveOrHate */ = {
			isa = PBXNativeTarget;
			buildConfigurationList = F1DCB69A23843EBB00E53C36 /* Build configuration list for PBXNativeTarget "LoveOrHate" */;
			buildPhases = (
				25096F5411591D82C7474CAA /* [CP] Check Pods Manifest.lock */,
				F1DCB68223843EB400E53C36 /* Sources */,
				F1DCB68323843EB400E53C36 /* Frameworks */,
				F1DCB68423843EB400E53C36 /* Resources */,
				A688FEBD764CFF384D52792E /* [CP] Embed Pods Frameworks */,
			);
			buildRules = (
			);
			dependencies = (
			);
			name = LoveOrHate;
			productName = LoveAndHate;
			productReference = F1DCB68623843EB500E53C36 /* LoveOrHate.app */;
			productType = "com.apple.product-type.application";
		};
/* End PBXNativeTarget section */

/* Begin PBXProject section */
		F1DCB67E23843EB400E53C36 /* Project object */ = {
			isa = PBXProject;
			attributes = {
				LastSwiftUpdateCheck = 1120;
				LastUpgradeCheck = 1120;
				ORGANIZATIONNAME = Bleysus.com;
				TargetAttributes = {
					F1DCB68523843EB400E53C36 = {
						CreatedOnToolsVersion = 11.2.1;
					};
				};
			};
			buildConfigurationList = F1DCB68123843EB400E53C36 /* Build configuration list for PBXProject "LoveOrHate" */;
			compatibilityVersion = "Xcode 9.3";
			developmentRegion = en;
			hasScannedForEncodings = 0;
			knownRegions = (
				en,
				Base,
			);
			mainGroup = F1DCB67D23843EB400E53C36;
			productRefGroup = F1DCB68723843EB500E53C36 /* Products */;
			projectDirPath = "";
			projectRoot = "";
			targets = (
				F1DCB68523843EB400E53C36 /* LoveOrHate */,
			);
		};
/* End PBXProject section */

/* Begin PBXResourcesBuildPhase section */
		F1DCB68423843EB400E53C36 /* Resources */ = {
			isa = PBXResourcesBuildPhase;
			buildActionMask = 2147483647;
			files = (
				F1DCB6A9238449BA00E53C36 /* ItemsTableViewCell.xib in Resources */,
				F1DCB69323843EBB00E53C36 /* Assets.xcassets in Resources */,
				F133E58623870211002FE0F7 /* Launch Screen.storyboard in Resources */,
				F1DCB69123843EB500E53C36 /* Main.storyboard in Resources */,
				F133E588238702BA002FE0F7 /* Default-568h@2x.png in Resources */,
			);
			runOnlyForDeploymentPostprocessing = 0;
		};
/* End PBXResourcesBuildPhase section */

/* Begin PBXShellScriptBuildPhase section */
		25096F5411591D82C7474CAA /* [CP] Check Pods Manifest.lock */ = {
			isa = PBXShellScriptBuildPhase;
			buildActionMask = 2147483647;
			files = (
			);
			inputFileListPaths = (
			);
			inputPaths = (
				"${PODS_PODFILE_DIR_PATH}/Podfile.lock",
				"${PODS_ROOT}/Manifest.lock",
			);
			name = "[CP] Check Pods Manifest.lock";
			outputFileListPaths = (
			);
			outputPaths = (
				"$(DERIVED_FILE_DIR)/Pods-LoveOrHate-checkManifestLockResult.txt",
			);
			runOnlyForDeploymentPostprocessing = 0;
			shellPath = /bin/sh;
			shellScript = "diff \"${PODS_PODFILE_DIR_PATH}/Podfile.lock\" \"${PODS_ROOT}/Manifest.lock\" > /dev/null\nif [ $? != 0 ] ; then\n    # print error to STDERR\n    echo \"error: The sandbox is not in sync with the Podfile.lock. Run 'pod install' or update your CocoaPods installation.\" >&2\n    exit 1\nfi\n# This output is used by Xcode 'outputs' to avoid re-running this script phase.\necho \"SUCCESS\" > \"${SCRIPT_OUTPUT_FILE_0}\"\n";
			showEnvVarsInLog = 0;
		};
		A688FEBD764CFF384D52792E /* [CP] Embed Pods Frameworks */ = {
			isa = PBXShellScriptBuildPhase;
			buildActionMask = 2147483647;
			files = (
			);
			inputFileListPaths = (
				"${PODS_ROOT}/Target Support Files/Pods-LoveOrHate/Pods-LoveOrHate-frameworks-${CONFIGURATION}-input-files.xcfilelist",
			);
			name = "[CP] Embed Pods Frameworks";
			outputFileListPaths = (
				"${PODS_ROOT}/Target Support Files/Pods-LoveOrHate/Pods-LoveOrHate-frameworks-${CONFIGURATION}-output-files.xcfilelist",
			);
			runOnlyForDeploymentPostprocessing = 0;
			shellPath = /bin/sh;
			shellScript = "\"${PODS_ROOT}/Target Support Files/Pods-LoveOrHate/Pods-LoveOrHate-frameworks.sh\"\n";
			showEnvVarsInLog = 0;
		};
/* End PBXShellScriptBuildPhase section */

/* Begin PBXSourcesBuildPhase section */
		F1DCB68223843EB400E53C36 /* Sources */ = {
			isa = PBXSourcesBuildPhase;
			buildActionMask = 2147483647;
			files = (
				F107742523965BED00D79B8E /* CurrentLoveObject.swift in Sources */,
				F107741C239616BC00D79B8E /* AddViewController.swift in Sources */,
				F107742723975F0C00D79B8E /* PhotoSelecterCollectionViewCell.swift in Sources */,
				F10774142394FC3B00D79B8E /* SwipeTableViewController.swift in Sources */,
				F1DCB6AB23844EAF00E53C36 /* Constants.swift in Sources */,
				F1DCB6A8238449BA00E53C36 /* ItemsTableViewCell.swift in Sources */,
				F1DCB68A23843EB500E53C36 /* AppDelegate.swift in Sources */,
				F1249D5D2394092800710CAD /* PhotoSelecterViewController.swift in Sources */,
				F1DCB68C23843EB500E53C36 /* SceneDelegate.swift in Sources */,
				F1077423239657D800D79B8E /* LaunchViewController.swift in Sources */,
				F1DCB6A123843F5C00E53C36 /* MainViewController.swift in Sources */,
				F10F33CD23859E1400B1E7F7 /* LoveChangerViewController.swift in Sources */,
				F107741E2396202100D79B8E /* EditViewController.swift in Sources */,
				F10774182395047600D79B8E /* SettingsViewController.swift in Sources */,
			);
			runOnlyForDeploymentPostprocessing = 0;
		};
/* End PBXSourcesBuildPhase section */

/* Begin PBXVariantGroup section */
		F1DCB68F23843EB500E53C36 /* Main.storyboard */ = {
			isa = PBXVariantGroup;
			children = (
				F1DCB69023843EB500E53C36 /* Base */,
			);
			name = Main.storyboard;
			sourceTree = "<group>";
		};
/* End PBXVariantGroup section */

/* Begin XCBuildConfiguration section */
		F1DCB69823843EBB00E53C36 /* Debug */ = {
			isa = XCBuildConfiguration;
			buildSettings = {
				ALWAYS_SEARCH_USER_PATHS = NO;
				CLANG_ANALYZER_NONNULL = YES;
				CLANG_ANALYZER_NUMBER_OBJECT_CONVERSION = YES_AGGRESSIVE;
				CLANG_CXX_LANGUAGE_STANDARD = "gnu++14";
				CLANG_CXX_LIBRARY = "libc++";
				CLANG_ENABLE_MODULES = YES;
				CLANG_ENABLE_OBJC_ARC = YES;
				CLANG_ENABLE_OBJC_WEAK = YES;
				CLANG_WARN_BLOCK_CAPTURE_AUTORELEASING = YES;
				CLANG_WARN_BOOL_CONVERSION = YES;
				CLANG_WARN_COMMA = YES;
				CLANG_WARN_CONSTANT_CONVERSION = YES;
				CLANG_WARN_DEPRECATED_OBJC_IMPLEMENTATIONS = YES;
				CLANG_WARN_DIRECT_OBJC_ISA_USAGE = YES_ERROR;
				CLANG_WARN_DOCUMENTATION_COMMENTS = YES;
				CLANG_WARN_EMPTY_BODY = YES;
				CLANG_WARN_ENUM_CONVERSION = YES;
				CLANG_WARN_INFINITE_RECURSION = YES;
				CLANG_WARN_INT_CONVERSION = YES;
				CLANG_WARN_NON_LITERAL_NULL_CONVERSION = YES;
				CLANG_WARN_OBJC_IMPLICIT_RETAIN_SELF = YES;
				CLANG_WARN_OBJC_LITERAL_CONVERSION = YES;
				CLANG_WARN_OBJC_ROOT_CLASS = YES_ERROR;
				CLANG_WARN_RANGE_LOOP_ANALYSIS = YES;
				CLANG_WARN_STRICT_PROTOTYPES = YES;
				CLANG_WARN_SUSPICIOUS_MOVE = YES;
				CLANG_WARN_UNGUARDED_AVAILABILITY = YES_AGGRESSIVE;
				CLANG_WARN_UNREACHABLE_CODE = YES;
				CLANG_WARN__DUPLICATE_METHOD_MATCH = YES;
				COPY_PHASE_STRIP = NO;
				DEBUG_INFORMATION_FORMAT = dwarf;
				ENABLE_STRICT_OBJC_MSGSEND = YES;
				ENABLE_TESTABILITY = YES;
				GCC_C_LANGUAGE_STANDARD = gnu11;
				GCC_DYNAMIC_NO_PIC = NO;
				GCC_NO_COMMON_BLOCKS = YES;
				GCC_OPTIMIZATION_LEVEL = 0;
				GCC_PREPROCESSOR_DEFINITIONS = (
					"DEBUG=1",
					"$(inherited)",
				);
				GCC_WARN_64_TO_32_BIT_CONVERSION = YES;
				GCC_WARN_ABOUT_RETURN_TYPE = YES_ERROR;
				GCC_WARN_UNDECLARED_SELECTOR = YES;
				GCC_WARN_UNINITIALIZED_AUTOS = YES_AGGRESSIVE;
				GCC_WARN_UNUSED_FUNCTION = YES;
				GCC_WARN_UNUSED_VARIABLE = YES;
				IPHONEOS_DEPLOYMENT_TARGET = 13.2;
				MTL_ENABLE_DEBUG_INFO = INCLUDE_SOURCE;
				MTL_FAST_MATH = YES;
				ONLY_ACTIVE_ARCH = YES;
				SDKROOT = iphoneos;
				SWIFT_ACTIVE_COMPILATION_CONDITIONS = DEBUG;
				SWIFT_OPTIMIZATION_LEVEL = "-Onone";
			};
			name = Debug;
		};
		F1DCB69923843EBB00E53C36 /* Release */ = {
			isa = XCBuildConfiguration;
			buildSettings = {
				ALWAYS_SEARCH_USER_PATHS = NO;
				CLANG_ANALYZER_NONNULL = YES;
				CLANG_ANALYZER_NUMBER_OBJECT_CONVERSION = YES_AGGRESSIVE;
				CLANG_CXX_LANGUAGE_STANDARD = "gnu++14";
				CLANG_CXX_LIBRARY = "libc++";
				CLANG_ENABLE_MODULES = YES;
				CLANG_ENABLE_OBJC_ARC = YES;
				CLANG_ENABLE_OBJC_WEAK = YES;
				CLANG_WARN_BLOCK_CAPTURE_AUTORELEASING = YES;
				CLANG_WARN_BOOL_CONVERSION = YES;
				CLANG_WARN_COMMA = YES;
				CLANG_WARN_CONSTANT_CONVERSION = YES;
				CLANG_WARN_DEPRECATED_OBJC_IMPLEMENTATIONS = YES;
				CLANG_WARN_DIRECT_OBJC_ISA_USAGE = YES_ERROR;
				CLANG_WARN_DOCUMENTATION_COMMENTS = YES;
				CLANG_WARN_EMPTY_BODY = YES;
				CLANG_WARN_ENUM_CONVERSION = YES;
				CLANG_WARN_INFINITE_RECURSION = YES;
				CLANG_WARN_INT_CONVERSION = YES;
				CLANG_WARN_NON_LITERAL_NULL_CONVERSION = YES;
				CLANG_WARN_OBJC_IMPLICIT_RETAIN_SELF = YES;
				CLANG_WARN_OBJC_LITERAL_CONVERSION = YES;
				CLANG_WARN_OBJC_ROOT_CLASS = YES_ERROR;
				CLANG_WARN_RANGE_LOOP_ANALYSIS = YES;
				CLANG_WARN_STRICT_PROTOTYPES = YES;
				CLANG_WARN_SUSPICIOUS_MOVE = YES;
				CLANG_WARN_UNGUARDED_AVAILABILITY = YES_AGGRESSIVE;
				CLANG_WARN_UNREACHABLE_CODE = YES;
				CLANG_WARN__DUPLICATE_METHOD_MATCH = YES;
				COPY_PHASE_STRIP = NO;
				DEBUG_INFORMATION_FORMAT = "dwarf-with-dsym";
				ENABLE_NS_ASSERTIONS = NO;
				ENABLE_STRICT_OBJC_MSGSEND = YES;
				GCC_C_LANGUAGE_STANDARD = gnu11;
				GCC_NO_COMMON_BLOCKS = YES;
				GCC_WARN_64_TO_32_BIT_CONVERSION = YES;
				GCC_WARN_ABOUT_RETURN_TYPE = YES_ERROR;
				GCC_WARN_UNDECLARED_SELECTOR = YES;
				GCC_WARN_UNINITIALIZED_AUTOS = YES_AGGRESSIVE;
				GCC_WARN_UNUSED_FUNCTION = YES;
				GCC_WARN_UNUSED_VARIABLE = YES;
				IPHONEOS_DEPLOYMENT_TARGET = 13.2;
				MTL_ENABLE_DEBUG_INFO = NO;
				MTL_FAST_MATH = YES;
				SDKROOT = iphoneos;
				SWIFT_COMPILATION_MODE = wholemodule;
				SWIFT_OPTIMIZATION_LEVEL = "-O";
				VALIDATE_PRODUCT = YES;
			};
			name = Release;
		};
		F1DCB69B23843EBB00E53C36 /* Debug */ = {
			isa = XCBuildConfiguration;
			baseConfigurationReference = 6FB568E6212DCB4BFCC84FF4 /* Pods-LoveOrHate.debug.xcconfig */;
			buildSettings = {
				ASSETCATALOG_COMPILER_APPICON_NAME = AppIcon;
				CODE_SIGN_STYLE = Automatic;
				DEVELOPMENT_TEAM = ELERY6AH4S;
				INFOPLIST_FILE = "$(SRCROOT)/LoveOrHate/Info.plist";
				LD_RUNPATH_SEARCH_PATHS = (
					"$(inherited)",
					"@executable_path/Frameworks",
				);
				PRODUCT_BUNDLE_IDENTIFIER = com.bleysus.LoveOrHate;
				PRODUCT_NAME = "$(TARGET_NAME)";
				SWIFT_VERSION = 5.0;
				TARGETED_DEVICE_FAMILY = "1,2";
			};
			name = Debug;
		};
		F1DCB69C23843EBB00E53C36 /* Release */ = {
			isa = XCBuildConfiguration;
			baseConfigurationReference = 3EE2D8EDEE8B87CDA5F0D948 /* Pods-LoveOrHate.release.xcconfig */;
			buildSettings = {
				ASSETCATALOG_COMPILER_APPICON_NAME = AppIcon;
				CODE_SIGN_STYLE = Automatic;
				DEVELOPMENT_TEAM = ELERY6AH4S;
				INFOPLIST_FILE = "$(SRCROOT)/LoveOrHate/Info.plist";
				LD_RUNPATH_SEARCH_PATHS = (
					"$(inherited)",
					"@executable_path/Frameworks",
				);
				PRODUCT_BUNDLE_IDENTIFIER = com.bleysus.LoveOrHate;
				PRODUCT_NAME = "$(TARGET_NAME)";
				SWIFT_VERSION = 5.0;
				TARGETED_DEVICE_FAMILY = "1,2";
			};
			name = Release;
		};
/* End XCBuildConfiguration section */

/* Begin XCConfigurationList section */
		F1DCB68123843EB400E53C36 /* Build configuration list for PBXProject "LoveOrHate" */ = {
			isa = XCConfigurationList;
			buildConfigurations = (
				F1DCB69823843EBB00E53C36 /* Debug */,
				F1DCB69923843EBB00E53C36 /* Release */,
			);
			defaultConfigurationIsVisible = 0;
			defaultConfigurationName = Release;
		};
		F1DCB69A23843EBB00E53C36 /* Build configuration list for PBXNativeTarget "LoveOrHate" */ = {
			isa = XCConfigurationList;
			buildConfigurations = (
				F1DCB69B23843EBB00E53C36 /* Debug */,
				F1DCB69C23843EBB00E53C36 /* Release */,
			);
			defaultConfigurationIsVisible = 0;
			defaultConfigurationName = Release;
		};
/* End XCConfigurationList section */
	};
	rootObject = F1DCB67E23843EB400E53C36 /* Project object */;
}
