// !$*UTF8*$!
{
	archiveVersion = 1;
	classes = {
	};
	objectVersion = 50;
	objects = {

/* Begin PBXBuildFile section */
		F10F33CD23859E1400B1E7F7 /* LoveChangerViewController.swift in Sources */ = {isa = PBXBuildFile; fileRef = F10F33CC23859E1400B1E7F7 /* LoveChangerViewController.swift */; };
		F133E58623870211002FE0F7 /* Launch Screen.storyboard in Resources */ = {isa = PBXBuildFile; fileRef = F133E58523870211002FE0F7 /* Launch Screen.storyboard */; };
		F133E588238702BA002FE0F7 /* Default-568h@2x.png in Resources */ = {isa = PBXBuildFile; fileRef = F133E587238702BA002FE0F7 /* Default-568h@2x.png */; };
		F1DCB68A23843EB500E53C36 /* AppDelegate.swift in Sources */ = {isa = PBXBuildFile; fileRef = F1DCB68923843EB500E53C36 /* AppDelegate.swift */; };
		F1DCB68C23843EB500E53C36 /* SceneDelegate.swift in Sources */ = {isa = PBXBuildFile; fileRef = F1DCB68B23843EB500E53C36 /* SceneDelegate.swift */; };
		F1DCB69123843EB500E53C36 /* Main.storyboard in Resources */ = {isa = PBXBuildFile; fileRef = F1DCB68F23843EB500E53C36 /* Main.storyboard */; };
		F1DCB69323843EBB00E53C36 /* Assets.xcassets in Resources */ = {isa = PBXBuildFile; fileRef = F1DCB69223843EBB00E53C36 /* Assets.xcassets */; };
		F1DCB69623843EBB00E53C36 /* LaunchScreen.storyboard in Resources */ = {isa = PBXBuildFile; fileRef = F1DCB69423843EBB00E53C36 /* LaunchScreen.storyboard */; };
		F1DCB6A123843F5C00E53C36 /* ItemsTableViewController.swift in Sources */ = {isa = PBXBuildFile; fileRef = F1DCB6A023843F5C00E53C36 /* ItemsTableViewController.swift */; };
		F1DCB6A8238449BA00E53C36 /* ItemsTableViewCell.swift in Sources */ = {isa = PBXBuildFile; fileRef = F1DCB6A6238449BA00E53C36 /* ItemsTableViewCell.swift */; };
		F1DCB6A9238449BA00E53C36 /* ItemsTableViewCell.xib in Resources */ = {isa = PBXBuildFile; fileRef = F1DCB6A7238449BA00E53C36 /* ItemsTableViewCell.xib */; };
		F1DCB6AB23844EAF00E53C36 /* Constants.swift in Sources */ = {isa = PBXBuildFile; fileRef = F1DCB6AA23844EAF00E53C36 /* Constants.swift */; };
/* End PBXBuildFile section */

/* Begin PBXFileReference section */
		F10F33CC23859E1400B1E7F7 /* LoveChangerViewController.swift */ = {isa = PBXFileReference; lastKnownFileType = sourcecode.swift; path = LoveChangerViewController.swift; sourceTree = "<group>"; };
		F133E58523870211002FE0F7 /* Launch Screen.storyboard */ = {isa = PBXFileReference; lastKnownFileType = file.storyboard; path = "Launch Screen.storyboard"; sourceTree = "<group>"; };
		F133E587238702BA002FE0F7 /* Default-568h@2x.png */ = {isa = PBXFileReference; lastKnownFileType = image.png; path = "Default-568h@2x.png"; sourceTree = "<group>"; };
		F1DCB68623843EB500E53C36 /* LoveOrHate.app */ = {isa = PBXFileReference; explicitFileType = wrapper.application; includeInIndex = 0; path = LoveOrHate.app; sourceTree = BUILT_PRODUCTS_DIR; };
		F1DCB68923843EB500E53C36 /* AppDelegate.swift */ = {isa = PBXFileReference; lastKnownFileType = sourcecode.swift; path = AppDelegate.swift; sourceTree = "<group>"; };
		F1DCB68B23843EB500E53C36 /* SceneDelegate.swift */ = {isa = PBXFileReference; lastKnownFileType = sourcecode.swift; path = SceneDelegate.swift; sourceTree = "<group>"; };
		F1DCB69023843EB500E53C36 /* Base */ = {isa = PBXFileReference; lastKnownFileType = file.storyboard; name = Base; path = Base.lproj/Main.storyboard; sourceTree = "<group>"; };
		F1DCB69223843EBB00E53C36 /* Assets.xcassets */ = {isa = PBXFileReference; lastKnownFileType = folder.assetcatalog; path = Assets.xcassets; sourceTree = "<group>"; };
		F1DCB69523843EBB00E53C36 /* Base */ = {isa = PBXFileReference; lastKnownFileType = file.storyboard; name = Base; path = Base.lproj/LaunchScreen.storyboard; sourceTree = "<group>"; };
		F1DCB69723843EBB00E53C36 /* Info.plist */ = {isa = PBXFileReference; lastKnownFileType = text.plist.xml; path = Info.plist; sourceTree = "<group>"; };
		F1DCB6A023843F5C00E53C36 /* ItemsTableViewController.swift */ = {isa = PBXFileReference; lastKnownFileType = sourcecode.swift; path = ItemsTableViewController.swift; sourceTree = "<group>"; };
		F1DCB6A6238449BA00E53C36 /* ItemsTableViewCell.swift */ = {isa = PBXFileReference; lastKnownFileType = sourcecode.swift; path = ItemsTableViewCell.swift; sourceTree = "<group>"; };
		F1DCB6A7238449BA00E53C36 /* ItemsTableViewCell.xib */ = {isa = PBXFileReference; lastKnownFileType = file.xib; path = ItemsTableViewCell.xib; sourceTree = "<group>"; };
		F1DCB6AA23844EAF00E53C36 /* Constants.swift */ = {isa = PBXFileReference; lastKnownFileType = sourcecode.swift; path = Constants.swift; sourceTree = "<group>"; };
/* End PBXFileReference section */

/* Begin PBXFrameworksBuildPhase section */
		F1DCB68323843EB400E53C36 /* Frameworks */ = {
			isa = PBXFrameworksBuildPhase;
			buildActionMask = 2147483647;
			files = (
			);
			runOnlyForDeploymentPostprocessing = 0;
		};
/* End PBXFrameworksBuildPhase section */

/* Begin PBXGroup section */
		F1DCB67D23843EB400E53C36 = {
			isa = PBXGroup;
			children = (
				F133E587238702BA002FE0F7 /* Default-568h@2x.png */,
				F1DCB68823843EB500E53C36 /* LoveOrHate */,
				F1DCB68723843EB500E53C36 /* Products */,
			);
			sourceTree = "<group>";
		};
		F1DCB68723843EB500E53C36 /* Products */ = {
			isa = PBXGroup;
			children = (
				F1DCB68623843EB500E53C36 /* LoveOrHate.app */,
			);
			name = Products;
			sourceTree = "<group>";
		};
		F1DCB68823843EB500E53C36 /* LoveOrHate */ = {
			isa = PBXGroup;
			children = (
				F1DCB69F23843F2500E53C36 /* Controllers */,
				F1DCB69E23843F1600E53C36 /* View */,
				F1DCB69D23843F1000E53C36 /* DataModel */,
				F1DCB68923843EB500E53C36 /* AppDelegate.swift */,
				F1DCB68B23843EB500E53C36 /* SceneDelegate.swift */,
				F1DCB6AA23844EAF00E53C36 /* Constants.swift */,
				F1DCB69223843EBB00E53C36 /* Assets.xcassets */,
				F1DCB69423843EBB00E53C36 /* LaunchScreen.storyboard */,
				F1DCB69723843EBB00E53C36 /* Info.plist */,
			);
			path = LoveOrHate;
			sourceTree = "<group>";
		};
		F1DCB69D23843F1000E53C36 /* DataModel */ = {
			isa = PBXGroup;
			children = (
			);
			path = DataModel;
			sourceTree = "<group>";
		};
		F1DCB69E23843F1600E53C36 /* View */ = {
			isa = PBXGroup;
			children = (
				F133E58523870211002FE0F7 /* Launch Screen.storyboard */,
				F1DCB68F23843EB500E53C36 /* Main.storyboard */,
			);
			path = View;
			sourceTree = "<group>";
		};
		F1DCB69F23843F2500E53C36 /* Controllers */ = {
			isa = PBXGroup;
			children = (
				F1DCB6A023843F5C00E53C36 /* ItemsTableViewController.swift */,
				F1DCB6A6238449BA00E53C36 /* ItemsTableViewCell.swift */,
				F1DCB6A7238449BA00E53C36 /* ItemsTableViewCell.xib */,
				F10F33CC23859E1400B1E7F7 /* LoveChangerViewController.swift */,
			);
			path = Controllers;
			sourceTree = "<group>";
		};
/* End PBXGroup section */

/* Begin PBXNativeTarget section */
		F1DCB68523843EB400E53C36 /* LoveOrHate */ = {
			isa = PBXNativeTarget;
			buildConfigurationList = F1DCB69A23843EBB00E53C36 /* Build configuration list for PBXNativeTarget "LoveOrHate" */;
			buildPhases = (
				F1DCB68223843EB400E53C36 /* Sources */,
				F1DCB68323843EB400E53C36 /* Frameworks */,
				F1DCB68423843EB400E53C36 /* Resources */,
			);
			buildRules = (
			);
			dependencies = (
			);
			name = LoveOrHate;
			productName = LoveAndHate;
			productReference = F1DCB68623843EB500E53C36 /* LoveOrHate.app */;
			productType = "com.apple.product-type.application";
		};
/* End PBXNativeTarget section */

/* Begin PBXProject section */
		F1DCB67E23843EB400E53C36 /* Project object */ = {
			isa = PBXProject;
			attributes = {
				LastSwiftUpdateCheck = 1120;
				LastUpgradeCheck = 1120;
				ORGANIZATIONNAME = Bleysus.com;
				TargetAttributes = {
					F1DCB68523843EB400E53C36 = {
						CreatedOnToolsVersion = 11.2.1;
					};
				};
			};
			buildConfigurationList = F1DCB68123843EB400E53C36 /* Build configuration list for PBXProject "LoveOrHate" */;
			compatibilityVersion = "Xcode 9.3";
			developmentRegion = en;
			hasScannedForEncodings = 0;
			knownRegions = (
				en,
				Base,
			);
			mainGroup = F1DCB67D23843EB400E53C36;
			productRefGroup = F1DCB68723843EB500E53C36 /* Products */;
			projectDirPath = "";
			projectRoot = "";
			targets = (
				F1DCB68523843EB400E53C36 /* LoveOrHate */,
			);
		};
/* End PBXProject section */

/* Begin PBXResourcesBuildPhase section */
		F1DCB68423843EB400E53C36 /* Resources */ = {
			isa = PBXResourcesBuildPhase;
			buildActionMask = 2147483647;
			files = (
				F1DCB6A9238449BA00E53C36 /* ItemsTableViewCell.xib in Resources */,
				F1DCB69623843EBB00E53C36 /* LaunchScreen.storyboard in Resources */,
				F1DCB69323843EBB00E53C36 /* Assets.xcassets in Resources */,
				F133E58623870211002FE0F7 /* Launch Screen.storyboard in Resources */,
				F1DCB69123843EB500E53C36 /* Main.storyboard in Resources */,
				F133E588238702BA002FE0F7 /* Default-568h@2x.png in Resources */,
			);
			runOnlyForDeploymentPostprocessing = 0;
		};
/* End PBXResourcesBuildPhase section */

/* Begin PBXSourcesBuildPhase section */
		F1DCB68223843EB400E53C36 /* Sources */ = {
			isa = PBXSourcesBuildPhase;
			buildActionMask = 2147483647;
			files = (
				F1DCB6AB23844EAF00E53C36 /* Constants.swift in Sources */,
				F1DCB6A8238449BA00E53C36 /* ItemsTableViewCell.swift in Sources */,
				F1DCB68A23843EB500E53C36 /* AppDelegate.swift in Sources */,
				F1DCB68C23843EB500E53C36 /* SceneDelegate.swift in Sources */,
				F1DCB6A123843F5C00E53C36 /* ItemsTableViewController.swift in Sources */,
				F10F33CD23859E1400B1E7F7 /* LoveChangerViewController.swift in Sources */,
			);
			runOnlyForDeploymentPostprocessing = 0;
		};
/* End PBXSourcesBuildPhase section */

/* Begin PBXVariantGroup section */
		F1DCB68F23843EB500E53C36 /* Main.storyboard */ = {
			isa = PBXVariantGroup;
			children = (
				F1DCB69023843EB500E53C36 /* Base */,
			);
			name = Main.storyboard;
			sourceTree = "<group>";
		};
		F1DCB69423843EBB00E53C36 /* LaunchScreen.storyboard */ = {
			isa = PBXVariantGroup;
			children = (
				F1DCB69523843EBB00E53C36 /* Base */,
			);
			name = LaunchScreen.storyboard;
			sourceTree = "<group>";
		};
/* End PBXVariantGroup section */

/* Begin XCBuildConfiguration section */
		F1DCB69823843EBB00E53C36 /* Debug */ = {
			isa = XCBuildConfiguration;
			buildSettings = {
				ALWAYS_SEARCH_USER_PATHS = NO;
				CLANG_ANALYZER_NONNULL = YES;
				CLANG_ANALYZER_NUMBER_OBJECT_CONVERSION = YES_AGGRESSIVE;
				CLANG_CXX_LANGUAGE_STANDARD = "gnu++14";
				CLANG_CXX_LIBRARY = "libc++";
				CLANG_ENABLE_MODULES = YES;
				CLANG_ENABLE_OBJC_ARC = YES;
				CLANG_ENABLE_OBJC_WEAK = YES;
				CLANG_WARN_BLOCK_CAPTURE_AUTORELEASING = YES;
				CLANG_WARN_BOOL_CONVERSION = YES;
				CLANG_WARN_COMMA = YES;
				CLANG_WARN_CONSTANT_CONVERSION = YES;
				CLANG_WARN_DEPRECATED_OBJC_IMPLEMENTATIONS = YES;
				CLANG_WARN_DIRECT_OBJC_ISA_USAGE = YES_ERROR;
				CLANG_WARN_DOCUMENTATION_COMMENTS = YES;
				CLANG_WARN_EMPTY_BODY = YES;
				CLANG_WARN_ENUM_CONVERSION = YES;
				CLANG_WARN_INFINITE_RECURSION = YES;
				CLANG_WARN_INT_CONVERSION = YES;
				CLANG_WARN_NON_LITERAL_NULL_CONVERSION = YES;
				CLANG_WARN_OBJC_IMPLICIT_RETAIN_SELF = YES;
				CLANG_WARN_OBJC_LITERAL_CONVERSION = YES;
				CLANG_WARN_OBJC_ROOT_CLASS = YES_ERROR;
				CLANG_WARN_RANGE_LOOP_ANALYSIS = YES;
				CLANG_WARN_STRICT_PROTOTYPES = YES;
				CLANG_WARN_SUSPICIOUS_MOVE = YES;
				CLANG_WARN_UNGUARDED_AVAILABILITY = YES_AGGRESSIVE;
				CLANG_WARN_UNREACHABLE_CODE = YES;
				CLANG_WARN__DUPLICATE_METHOD_MATCH = YES;
				COPY_PHASE_STRIP = NO;
				DEBUG_INFORMATION_FORMAT = dwarf;
				ENABLE_STRICT_OBJC_MSGSEND = YES;
				ENABLE_TESTABILITY = YES;
				GCC_C_LANGUAGE_STANDARD = gnu11;
				GCC_DYNAMIC_NO_PIC = NO;
				GCC_NO_COMMON_BLOCKS = YES;
				GCC_OPTIMIZATION_LEVEL = 0;
				GCC_PREPROCESSOR_DEFINITIONS = (
					"DEBUG=1",
					"$(inherited)",
				);
				GCC_WARN_64_TO_32_BIT_CONVERSION = YES;
				GCC_WARN_ABOUT_RETURN_TYPE = YES_ERROR;
				GCC_WARN_UNDECLARED_SELECTOR = YES;
				GCC_WARN_UNINITIALIZED_AUTOS = YES_AGGRESSIVE;
				GCC_WARN_UNUSED_FUNCTION = YES;
				GCC_WARN_UNUSED_VARIABLE = YES;
				IPHONEOS_DEPLOYMENT_TARGET = 13.2;
				MTL_ENABLE_DEBUG_INFO = INCLUDE_SOURCE;
				MTL_FAST_MATH = YES;
				ONLY_ACTIVE_ARCH = YES;
				SDKROOT = iphoneos;
				SWIFT_ACTIVE_COMPILATION_CONDITIONS = DEBUG;
				SWIFT_OPTIMIZATION_LEVEL = "-Onone";
			};
			name = Debug;
		};
		F1DCB69923843EBB00E53C36 /* Release */ = {
			isa = XCBuildConfiguration;
			buildSettings = {
				ALWAYS_SEARCH_USER_PATHS = NO;
				CLANG_ANALYZER_NONNULL = YES;
				CLANG_ANALYZER_NUMBER_OBJECT_CONVERSION = YES_AGGRESSIVE;
				CLANG_CXX_LANGUAGE_STANDARD = "gnu++14";
				CLANG_CXX_LIBRARY = "libc++";
				CLANG_ENABLE_MODULES = YES;
				CLANG_ENABLE_OBJC_ARC = YES;
				CLANG_ENABLE_OBJC_WEAK = YES;
				CLANG_WARN_BLOCK_CAPTURE_AUTORELEASING = YES;
				CLANG_WARN_BOOL_CONVERSION = YES;
				CLANG_WARN_COMMA = YES;
				CLANG_WARN_CONSTANT_CONVERSION = YES;
				CLANG_WARN_DEPRECATED_OBJC_IMPLEMENTATIONS = YES;
				CLANG_WARN_DIRECT_OBJC_ISA_USAGE = YES_ERROR;
				CLANG_WARN_DOCUMENTATION_COMMENTS = YES;
				CLANG_WARN_EMPTY_BODY = YES;
				CLANG_WARN_ENUM_CONVERSION = YES;
				CLANG_WARN_INFINITE_RECURSION = YES;
				CLANG_WARN_INT_CONVERSION = YES;
				CLANG_WARN_NON_LITERAL_NULL_CONVERSION = YES;
				CLANG_WARN_OBJC_IMPLICIT_RETAIN_SELF = YES;
				CLANG_WARN_OBJC_LITERAL_CONVERSION = YES;
				CLANG_WARN_OBJC_ROOT_CLASS = YES_ERROR;
				CLANG_WARN_RANGE_LOOP_ANALYSIS = YES;
				CLANG_WARN_STRICT_PROTOTYPES = YES;
				CLANG_WARN_SUSPICIOUS_MOVE = YES;
				CLANG_WARN_UNGUARDED_AVAILABILITY = YES_AGGRESSIVE;
				CLANG_WARN_UNREACHABLE_CODE = YES;
				CLANG_WARN__DUPLICATE_METHOD_MATCH = YES;
				COPY_PHASE_STRIP = NO;
				DEBUG_INFORMATION_FORMAT = "dwarf-with-dsym";
				ENABLE_NS_ASSERTIONS = NO;
				ENABLE_STRICT_OBJC_MSGSEND = YES;
				GCC_C_LANGUAGE_STANDARD = gnu11;
				GCC_NO_COMMON_BLOCKS = YES;
				GCC_WARN_64_TO_32_BIT_CONVERSION = YES;
				GCC_WARN_ABOUT_RETURN_TYPE = YES_ERROR;
				GCC_WARN_UNDECLARED_SELECTOR = YES;
				GCC_WARN_UNINITIALIZED_AUTOS = YES_AGGRESSIVE;
				GCC_WARN_UNUSED_FUNCTION = YES;
				GCC_WARN_UNUSED_VARIABLE = YES;
				IPHONEOS_DEPLOYMENT_TARGET = 13.2;
				MTL_ENABLE_DEBUG_INFO = NO;
				MTL_FAST_MATH = YES;
				SDKROOT = iphoneos;
				SWIFT_COMPILATION_MODE = wholemodule;
				SWIFT_OPTIMIZATION_LEVEL = "-O";
				VALIDATE_PRODUCT = YES;
			};
			name = Release;
		};
		F1DCB69B23843EBB00E53C36 /* Debug */ = {
			isa = XCBuildConfiguration;
			buildSettings = {
				ASSETCATALOG_COMPILER_APPICON_NAME = AppIcon;
				CODE_SIGN_STYLE = Automatic;
				DEVELOPMENT_TEAM = ELERY6AH4S;
				INFOPLIST_FILE = "$(SRCROOT)/LoveOrHate/Info.plist";
				LD_RUNPATH_SEARCH_PATHS = (
					"$(inherited)",
					"@executable_path/Frameworks",
				);
				PRODUCT_BUNDLE_IDENTIFIER = com.bleysus.LoveOrHate;
				PRODUCT_NAME = "$(TARGET_NAME)";
				SWIFT_VERSION = 5.0;
				TARGETED_DEVICE_FAMILY = "1,2";
			};
			name = Debug;
		};
		F1DCB69C23843EBB00E53C36 /* Release */ = {
			isa = XCBuildConfiguration;
			buildSettings = {
				ASSETCATALOG_COMPILER_APPICON_NAME = AppIcon;
				CODE_SIGN_STYLE = Automatic;
				DEVELOPMENT_TEAM = ELERY6AH4S;
				INFOPLIST_FILE = "$(SRCROOT)/LoveOrHate/Info.plist";
				LD_RUNPATH_SEARCH_PATHS = (
					"$(inherited)",
					"@executable_path/Frameworks",
				);
				PRODUCT_BUNDLE_IDENTIFIER = com.bleysus.LoveOrHate;
				PRODUCT_NAME = "$(TARGET_NAME)";
				SWIFT_VERSION = 5.0;
				TARGETED_DEVICE_FAMILY = "1,2";
			};
			name = Release;
		};
/* End XCBuildConfiguration section */

/* Begin XCConfigurationList section */
		F1DCB68123843EB400E53C36 /* Build configuration list for PBXProject "LoveOrHate" */ = {
			isa = XCConfigurationList;
			buildConfigurations = (
				F1DCB69823843EBB00E53C36 /* Debug */,
				F1DCB69923843EBB00E53C36 /* Release */,
			);
			defaultConfigurationIsVisible = 0;
			defaultConfigurationName = Release;
		};
		F1DCB69A23843EBB00E53C36 /* Build configuration list for PBXNativeTarget "LoveOrHate" */ = {
			isa = XCConfigurationList;
			buildConfigurations = (
				F1DCB69B23843EBB00E53C36 /* Debug */,
				F1DCB69C23843EBB00E53C36 /* Release */,
			);
			defaultConfigurationIsVisible = 0;
			defaultConfigurationName = Release;
		};
/* End XCConfigurationList section */
	};
	rootObject = F1DCB67E23843EB400E53C36 /* Project object */;
}
